
Microsoft Visual Studio Solution File, Format Version 12.00
# Visual Studio Version 17
VisualStudioVersion = 17.1.32228.430
MinimumVisualStudioVersion = 10.0.40219.1
Project("{FAE04EC0-301F-11D3-BF4B-00C04F79EFBC}") = "WeatherAlmanac.UI", "WeatherAlmanac.UI\WeatherAlmanac.UI.csproj", "{F01AFA5F-826E-4FAB-B96E-648E08C33447}"
EndProject
Project("{FAE04EC0-301F-11D3-BF4B-00C04F79EFBC}") = "WeatherAlmanac.Core", "WeatherAlmanac.Core\WeatherAlmanac.Core.csproj", "{005BFC43-FC72-4E3C-B004-918AE8D30AAE}"
EndProject
Project("{FAE04EC0-301F-11D3-BF4B-00C04F79EFBC}") = "WeatherAlmanac.BLL", "WeatherAlmanac.BLL\WeatherAlmanac.BLL.csproj", "{FB4CD0B4-222F-4916-8303-7375D5B2F60B}"
EndProject
Project("{FAE04EC0-301F-11D3-BF4B-00C04F79EFBC}") = "WeatherAlmanac.DAL", "WeatherAlmanac.DAL\WeatherAlmanac.DAL.csproj", "{7F3B3948-9FA3-4C13-B9FA-15CD272F10A5}"
EndProject
Global
	GlobalSection(SolutionConfigurationPlatforms) = preSolution
		Debug|Any CPU = Debug|Any CPU
		Release|Any CPU = Release|Any CPU
	EndGlobalSection
	GlobalSection(ProjectConfigurationPlatforms) = postSolution
		{F01AFA5F-826E-4FAB-B96E-648E08C33447}.Debug|Any CPU.ActiveCfg = Debug|Any CPU
		{F01AFA5F-826E-4FAB-B96E-648E08C33447}.Debug|Any CPU.Build.0 = Debug|Any CPU
		{F01AFA5F-826E-4FAB-B96E-648E08C33447}.Release|Any CPU.ActiveCfg = Release|Any CPU
		{F01AFA5F-826E-4FAB-B96E-648E08C33447}.Release|Any CPU.Build.0 = Release|Any CPU
		{005BFC43-FC72-4E3C-B004-918AE8D30AAE}.Debug|Any CPU.ActiveCfg = Debug|Any CPU
		{005BFC43-FC72-4E3C-B004-918AE8D30AAE}.Debug|Any CPU.Build.0 = Debug|Any CPU
		{005BFC43-FC72-4E3C-B004-918AE8D30AAE}.Release|Any CPU.ActiveCfg = Release|Any CPU
		{005BFC43-FC72-4E3C-B004-918AE8D30AAE}.Release|Any CPU.Build.0 = Release|Any CPU
		{FB4CD0B4-222F-4916-8303-7375D5B2F60B}.Debug|Any CPU.ActiveCfg = Debug|Any CPU
		{FB4CD0B4-222F-4916-8303-7375D5B2F60B}.Debug|Any CPU.Build.0 = Debug|Any CPU
		{FB4CD0B4-222F-4916-8303-7375D5B2F60B}.Release|Any CPU.ActiveCfg = Release|Any CPU
		{FB4CD0B4-222F-4916-8303-7375D5B2F60B}.Release|Any CPU.Build.0 = Release|Any CPU
		{7F3B3948-9FA3-4C13-B9FA-15CD272F10A5}.Debug|Any CPU.ActiveCfg = Debug|Any CPU
		{7F3B3948-9FA3-4C13-B9FA-15CD272F10A5}.Debug|Any CPU.Build.0 = Debug|Any CPU
		{7F3B3948-9FA3-4C13-B9FA-15CD272F10A5}.Release|Any CPU.ActiveCfg = Release|Any CPU
		{7F3B3948-9FA3-4C13-B9FA-15CD272F10A5}.Release|Any CPU.Build.0 = Release|Any CPU
	EndGlobalSection
	GlobalSection(SolutionProperties) = preSolution
		HideSolutionNode = FALSE
	EndGlobalSection
	GlobalSection(ExtensibilityGlobals) = postSolution
		SolutionGuid = {A3F0D62B-3AEC-47D2-B248-72B3C5A772E2}
	EndGlobalSection
EndGlobal
